{
  "originHash" : "ab59da61ba64d490de3980c0c0e3650743566c78fc27986bd3315b02ab30de2c",
  "pins" : [
    {
      "identity" : "capacitor-swift-pm",
      "kind" : "remoteSourceControl",
      "location" : "https://github.com/ionic-team/capacitor-swift-pm.git",
      "state" : {
        "revision" : "1af38be000bb5fcd1d8fec09694115cdcb179695",
        "version" : "8.3.3"
      }
    }
  ],
  "version" : 3
}
